
Microsoft Visual Studio Solution File, Format Version 12.00
# Visual Studio Version 17
VisualStudioVersion = 17.5.002.0
MinimumVisualStudioVersion = 10.0.40219.1
Project("{2150E333-8FDC-42A3-9474-1A3956D46DE8}") = "src", "src", "{5F6D1BBA-A673-45FF-BB26-57AED5B9286E}"
EndProject
Project("{9A19103F-16F7-4668-BE54-9A1E7A4F7556}") = "benchmarks", "src\benchmarks\benchmarks.csproj", "{D238F6F6-1B43-4082-8CE4-28B7B4A49D00}"
EndProject
Project("{9A19103F-16F7-4668-BE54-9A1E7A4F7556}") = "common", "src\common\common.csproj", "{39173791-EC5E-407A-8288-6EACA8340126}"
EndProject
Project("{9A19103F-16F7-4668-BE54-9A1E7A4F7556}") = "driver", "src\driver\driver.csproj", "{90E091AF-4D90-41D4-B066-68042A1C4735}"
EndProject
Project("{9A19103F-16F7-4668-BE54-9A1E7A4F7556}") = "generators", "src\generators\generators.csproj", "{0EFF1743-A637-4232-A112-33B4CA770006}"
EndProject
Project("{9A19103F-16F7-4668-BE54-9A1E7A4F7556}") = "tests", "src\tests\tests.csproj", "{8B7C3620-0EDB-4352-B159-2FACCBF1BBD2}"
EndProject
Project("{9A19103F-16F7-4668-BE54-9A1E7A4F7556}") = "trimming", "src\trimming\trimming.csproj", "{99CA38DE-56CB-40D6-8BB4-7B633CC3F2CF}"
EndProject
Project("{2150E333-8FDC-42A3-9474-1A3956D46DE8}") = "extensions", "extensions", "{35DA481E-29DC-4E8F-81F4-017A91AB4C26}"
EndProject
Project("{9A19103F-16F7-4668-BE54-9A1E7A4F7556}") = "vs", "src\extensions\vs\vs.csproj", "{B3DEEF03-92F8-4F6B-B42A-B22644EB4AE8}"
EndProject
Project("{2150E333-8FDC-42A3-9474-1A3956D46DE8}") = "language", "language", "{84DB0A07-F1A6-421E-BFE6-148D7B751B8D}"
EndProject
Project("{9A19103F-16F7-4668-BE54-9A1E7A4F7556}") = "core", "src\language\core\core.csproj", "{EC63BC7B-9AD7-4D97-85AC-42FC1C37D441}"
EndProject
Project("{9A19103F-16F7-4668-BE54-9A1E7A4F7556}") = "library", "src\language\library\library.csproj", "{ED0BC300-A88E-4663-B3D9-826F9287A6BD}"
EndProject
Project("{9A19103F-16F7-4668-BE54-9A1E7A4F7556}") = "service", "src\language\service\service.csproj", "{93FD0881-6342-4950-8828-E753596B3F47}"
EndProject
Project("{9A19103F-16F7-4668-BE54-9A1E7A4F7556}") = "tooling", "src\language\tooling\tooling.csproj", "{8714E075-829C-4CC2-89D0-3AF67A6B930D}"
EndProject
Project("{2150E333-8FDC-42A3-9474-1A3956D46DE8}") = "runtime", "runtime", "{77072F53-4FED-413F-8CC3-65E5A1FA5EA9}"
EndProject
Project("{9A19103F-16F7-4668-BE54-9A1E7A4F7556}") = "compiler", "src\runtime\compiler\compiler.csproj", "{DDE5F6C0-1215-4BF1-9269-95568721995C}"
EndProject
Project("{9A19103F-16F7-4668-BE54-9A1E7A4F7556}") = "core", "src\runtime\core\core.csproj", "{2C278409-9D51-449E-A8D5-FD8F31B6746A}"
EndProject
Project("{9A19103F-16F7-4668-BE54-9A1E7A4F7556}") = "interpreter", "src\runtime\interpreter\interpreter.csproj", "{9A5CBCD5-5D3C-4CB2-8DF2-33016E196A1A}"
EndProject
Project("{9A19103F-16F7-4668-BE54-9A1E7A4F7556}") = "kernel", "src\runtime\kernel\kernel.csproj", "{76649417-C733-478D-8F5A-FD368C7097A1}"
EndProject
Global
	GlobalSection(SolutionConfigurationPlatforms) = preSolution
		Debug|Any CPU = Debug|Any CPU
		Release|Any CPU = Release|Any CPU
	EndGlobalSection
	GlobalSection(ProjectConfigurationPlatforms) = postSolution
		{D238F6F6-1B43-4082-8CE4-28B7B4A49D00}.Debug|Any CPU.ActiveCfg = Debug|Any CPU
		{D238F6F6-1B43-4082-8CE4-28B7B4A49D00}.Debug|Any CPU.Build.0 = Debug|Any CPU
		{D238F6F6-1B43-4082-8CE4-28B7B4A49D00}.Release|Any CPU.ActiveCfg = Release|Any CPU
		{D238F6F6-1B43-4082-8CE4-28B7B4A49D00}.Release|Any CPU.Build.0 = Release|Any CPU
		{39173791-EC5E-407A-8288-6EACA8340126}.Debug|Any CPU.ActiveCfg = Debug|Any CPU
		{39173791-EC5E-407A-8288-6EACA8340126}.Debug|Any CPU.Build.0 = Debug|Any CPU
		{39173791-EC5E-407A-8288-6EACA8340126}.Release|Any CPU.ActiveCfg = Release|Any CPU
		{39173791-EC5E-407A-8288-6EACA8340126}.Release|Any CPU.Build.0 = Release|Any CPU
		{90E091AF-4D90-41D4-B066-68042A1C4735}.Debug|Any CPU.ActiveCfg = Debug|Any CPU
		{90E091AF-4D90-41D4-B066-68042A1C4735}.Debug|Any CPU.Build.0 = Debug|Any CPU
		{90E091AF-4D90-41D4-B066-68042A1C4735}.Release|Any CPU.ActiveCfg = Release|Any CPU
		{90E091AF-4D90-41D4-B066-68042A1C4735}.Release|Any CPU.Build.0 = Release|Any CPU
		{0EFF1743-A637-4232-A112-33B4CA770006}.Debug|Any CPU.ActiveCfg = Debug|Any CPU
		{0EFF1743-A637-4232-A112-33B4CA770006}.Debug|Any CPU.Build.0 = Debug|Any CPU
		{0EFF1743-A637-4232-A112-33B4CA770006}.Release|Any CPU.ActiveCfg = Release|Any CPU
		{0EFF1743-A637-4232-A112-33B4CA770006}.Release|Any CPU.Build.0 = Release|Any CPU
		{8B7C3620-0EDB-4352-B159-2FACCBF1BBD2}.Debug|Any CPU.ActiveCfg = Debug|Any CPU
		{8B7C3620-0EDB-4352-B159-2FACCBF1BBD2}.Debug|Any CPU.Build.0 = Debug|Any CPU
		{8B7C3620-0EDB-4352-B159-2FACCBF1BBD2}.Release|Any CPU.ActiveCfg = Release|Any CPU
		{8B7C3620-0EDB-4352-B159-2FACCBF1BBD2}.Release|Any CPU.Build.0 = Release|Any CPU
		{99CA38DE-56CB-40D6-8BB4-7B633CC3F2CF}.Debug|Any CPU.ActiveCfg = Debug|Any CPU
		{99CA38DE-56CB-40D6-8BB4-7B633CC3F2CF}.Debug|Any CPU.Build.0 = Debug|Any CPU
		{99CA38DE-56CB-40D6-8BB4-7B633CC3F2CF}.Release|Any CPU.ActiveCfg = Release|Any CPU
		{99CA38DE-56CB-40D6-8BB4-7B633CC3F2CF}.Release|Any CPU.Build.0 = Release|Any CPU
		{B3DEEF03-92F8-4F6B-B42A-B22644EB4AE8}.Debug|Any CPU.ActiveCfg = Debug|Any CPU
		{B3DEEF03-92F8-4F6B-B42A-B22644EB4AE8}.Debug|Any CPU.Build.0 = Debug|Any CPU
		{B3DEEF03-92F8-4F6B-B42A-B22644EB4AE8}.Release|Any CPU.ActiveCfg = Release|Any CPU
		{B3DEEF03-92F8-4F6B-B42A-B22644EB4AE8}.Release|Any CPU.Build.0 = Release|Any CPU
		{EC63BC7B-9AD7-4D97-85AC-42FC1C37D441}.Debug|Any CPU.ActiveCfg = Debug|Any CPU
		{EC63BC7B-9AD7-4D97-85AC-42FC1C37D441}.Debug|Any CPU.Build.0 = Debug|Any CPU
		{EC63BC7B-9AD7-4D97-85AC-42FC1C37D441}.Release|Any CPU.ActiveCfg = Release|Any CPU
		{EC63BC7B-9AD7-4D97-85AC-42FC1C37D441}.Release|Any CPU.Build.0 = Release|Any CPU
		{ED0BC300-A88E-4663-B3D9-826F9287A6BD}.Debug|Any CPU.ActiveCfg = Debug|Any CPU
		{ED0BC300-A88E-4663-B3D9-826F9287A6BD}.Debug|Any CPU.Build.0 = Debug|Any CPU
		{ED0BC300-A88E-4663-B3D9-826F9287A6BD}.Release|Any CPU.ActiveCfg = Release|Any CPU
		{ED0BC300-A88E-4663-B3D9-826F9287A6BD}.Release|Any CPU.Build.0 = Release|Any CPU
		{93FD0881-6342-4950-8828-E753596B3F47}.Debug|Any CPU.ActiveCfg = Debug|Any CPU
		{93FD0881-6342-4950-8828-E753596B3F47}.Debug|Any CPU.Build.0 = Debug|Any CPU
		{93FD0881-6342-4950-8828-E753596B3F47}.Release|Any CPU.ActiveCfg = Release|Any CPU
		{93FD0881-6342-4950-8828-E753596B3F47}.Release|Any CPU.Build.0 = Release|Any CPU
		{8714E075-829C-4CC2-89D0-3AF67A6B930D}.Debug|Any CPU.ActiveCfg = Debug|Any CPU
		{8714E075-829C-4CC2-89D0-3AF67A6B930D}.Debug|Any CPU.Build.0 = Debug|Any CPU
		{8714E075-829C-4CC2-89D0-3AF67A6B930D}.Release|Any CPU.ActiveCfg = Release|Any CPU
		{8714E075-829C-4CC2-89D0-3AF67A6B930D}.Release|Any CPU.Build.0 = Release|Any CPU
		{DDE5F6C0-1215-4BF1-9269-95568721995C}.Debug|Any CPU.ActiveCfg = Debug|Any CPU
		{DDE5F6C0-1215-4BF1-9269-95568721995C}.Debug|Any CPU.Build.0 = Debug|Any CPU
		{DDE5F6C0-1215-4BF1-9269-95568721995C}.Release|Any CPU.ActiveCfg = Release|Any CPU
		{DDE5F6C0-1215-4BF1-9269-95568721995C}.Release|Any CPU.Build.0 = Release|Any CPU
		{2C278409-9D51-449E-A8D5-FD8F31B6746A}.Debug|Any CPU.ActiveCfg = Debug|Any CPU
		{2C278409-9D51-449E-A8D5-FD8F31B6746A}.Debug|Any CPU.Build.0 = Debug|Any CPU
		{2C278409-9D51-449E-A8D5-FD8F31B6746A}.Release|Any CPU.ActiveCfg = Release|Any CPU
		{2C278409-9D51-449E-A8D5-FD8F31B6746A}.Release|Any CPU.Build.0 = Release|Any CPU
		{9A5CBCD5-5D3C-4CB2-8DF2-33016E196A1A}.Debug|Any CPU.ActiveCfg = Debug|Any CPU
		{9A5CBCD5-5D3C-4CB2-8DF2-33016E196A1A}.Debug|Any CPU.Build.0 = Debug|Any CPU
		{9A5CBCD5-5D3C-4CB2-8DF2-33016E196A1A}.Release|Any CPU.ActiveCfg = Release|Any CPU
		{9A5CBCD5-5D3C-4CB2-8DF2-33016E196A1A}.Release|Any CPU.Build.0 = Release|Any CPU
		{76649417-C733-478D-8F5A-FD368C7097A1}.Debug|Any CPU.ActiveCfg = Debug|Any CPU
		{76649417-C733-478D-8F5A-FD368C7097A1}.Debug|Any CPU.Build.0 = Debug|Any CPU
		{76649417-C733-478D-8F5A-FD368C7097A1}.Release|Any CPU.ActiveCfg = Release|Any CPU
		{76649417-C733-478D-8F5A-FD368C7097A1}.Release|Any CPU.Build.0 = Release|Any CPU
	EndGlobalSection
	GlobalSection(SolutionProperties) = preSolution
		HideSolutionNode = FALSE
	EndGlobalSection
	GlobalSection(NestedProjects) = preSolution
		{D238F6F6-1B43-4082-8CE4-28B7B4A49D00} = {5F6D1BBA-A673-45FF-BB26-57AED5B9286E}
		{39173791-EC5E-407A-8288-6EACA8340126} = {5F6D1BBA-A673-45FF-BB26-57AED5B9286E}
		{90E091AF-4D90-41D4-B066-68042A1C4735} = {5F6D1BBA-A673-45FF-BB26-57AED5B9286E}
		{0EFF1743-A637-4232-A112-33B4CA770006} = {5F6D1BBA-A673-45FF-BB26-57AED5B9286E}
		{8B7C3620-0EDB-4352-B159-2FACCBF1BBD2} = {5F6D1BBA-A673-45FF-BB26-57AED5B9286E}
		{99CA38DE-56CB-40D6-8BB4-7B633CC3F2CF} = {5F6D1BBA-A673-45FF-BB26-57AED5B9286E}
		{35DA481E-29DC-4E8F-81F4-017A91AB4C26} = {5F6D1BBA-A673-45FF-BB26-57AED5B9286E}
		{B3DEEF03-92F8-4F6B-B42A-B22644EB4AE8} = {35DA481E-29DC-4E8F-81F4-017A91AB4C26}
		{84DB0A07-F1A6-421E-BFE6-148D7B751B8D} = {5F6D1BBA-A673-45FF-BB26-57AED5B9286E}
		{EC63BC7B-9AD7-4D97-85AC-42FC1C37D441} = {84DB0A07-F1A6-421E-BFE6-148D7B751B8D}
		{ED0BC300-A88E-4663-B3D9-826F9287A6BD} = {84DB0A07-F1A6-421E-BFE6-148D7B751B8D}
		{93FD0881-6342-4950-8828-E753596B3F47} = {84DB0A07-F1A6-421E-BFE6-148D7B751B8D}
		{8714E075-829C-4CC2-89D0-3AF67A6B930D} = {84DB0A07-F1A6-421E-BFE6-148D7B751B8D}
		{77072F53-4FED-413F-8CC3-65E5A1FA5EA9} = {5F6D1BBA-A673-45FF-BB26-57AED5B9286E}
		{DDE5F6C0-1215-4BF1-9269-95568721995C} = {77072F53-4FED-413F-8CC3-65E5A1FA5EA9}
		{2C278409-9D51-449E-A8D5-FD8F31B6746A} = {77072F53-4FED-413F-8CC3-65E5A1FA5EA9}
		{9A5CBCD5-5D3C-4CB2-8DF2-33016E196A1A} = {77072F53-4FED-413F-8CC3-65E5A1FA5EA9}
		{76649417-C733-478D-8F5A-FD368C7097A1} = {77072F53-4FED-413F-8CC3-65E5A1FA5EA9}
	EndGlobalSection
	GlobalSection(ExtensibilityGlobals) = postSolution
		SolutionGuid = {D9A8E4C2-E94F-46D5-A255-51162F55DDEA}
	EndGlobalSection
EndGlobal
