
Microsoft Visual Studio Solution File, Format Version 12.00
# Visual Studio Version 17
VisualStudioVersion = 17.5.002.0
MinimumVisualStudioVersion = 10.0.40219.1
Project("{2150E333-8FDC-42A3-9474-1A3956D46DE8}") = "src", "src", "{A385D8E0-8390-494C-92D0-F764D3699131}"
EndProject
Project("{9A19103F-16F7-4668-BE54-9A1E7A4F7556}") = "benchmarks", "src\benchmarks\benchmarks.csproj", "{F552FDEF-D460-4A02-9EC1-16108BCD5ECF}"
EndProject
Project("{9A19103F-16F7-4668-BE54-9A1E7A4F7556}") = "common", "src\common\common.csproj", "{C7BFD827-8E11-4A27-9E43-8A70C8EF4C02}"
EndProject
Project("{9A19103F-16F7-4668-BE54-9A1E7A4F7556}") = "driver", "src\driver\driver.csproj", "{0D5D7C7B-6248-46EF-830B-F98AE1BF6F75}"
EndProject
Project("{9A19103F-16F7-4668-BE54-9A1E7A4F7556}") = "generators", "src\generators\generators.csproj", "{22E47770-51D6-4E63-95C6-12ED5CC0184B}"
EndProject
Project("{9A19103F-16F7-4668-BE54-9A1E7A4F7556}") = "tests", "src\tests\tests.csproj", "{D7749F27-3ACF-4864-B6FC-77409B4D037F}"
EndProject
Project("{9A19103F-16F7-4668-BE54-9A1E7A4F7556}") = "trimming", "src\trimming\trimming.csproj", "{58887612-3CA6-423E-95F3-1DC7B99A1545}"
EndProject
Project("{2150E333-8FDC-42A3-9474-1A3956D46DE8}") = "language", "language", "{4176AF7C-EBBB-43F1-BDFA-DA892E6AC47E}"
EndProject
Project("{9A19103F-16F7-4668-BE54-9A1E7A4F7556}") = "core", "src\language\core\core.csproj", "{38B0647D-2555-4B77-97CB-14CC1AA8BC76}"
EndProject
Project("{9A19103F-16F7-4668-BE54-9A1E7A4F7556}") = "library", "src\language\library\library.csproj", "{684D64D3-2A81-488F-9257-765EC973D481}"
EndProject
Project("{9A19103F-16F7-4668-BE54-9A1E7A4F7556}") = "service", "src\language\service\service.csproj", "{579A9B10-1C7A-49D9-8C61-5C1662086511}"
EndProject
Project("{9A19103F-16F7-4668-BE54-9A1E7A4F7556}") = "tooling", "src\language\tooling\tooling.csproj", "{6AFF3908-DEA8-42CB-ACE2-A77973D9584B}"
EndProject
Project("{2150E333-8FDC-42A3-9474-1A3956D46DE8}") = "runtime", "runtime", "{EC5B91B1-5053-4961-A616-57CED91D0589}"
EndProject
Project("{9A19103F-16F7-4668-BE54-9A1E7A4F7556}") = "compiler", "src\runtime\compiler\compiler.csproj", "{6C599400-9EAE-4A01-91D9-FBBE3862F3FE}"
EndProject
Project("{9A19103F-16F7-4668-BE54-9A1E7A4F7556}") = "core", "src\runtime\core\core.csproj", "{A1F3DC78-6572-4BEF-BBF2-A7F1FD40E928}"
EndProject
Project("{9A19103F-16F7-4668-BE54-9A1E7A4F7556}") = "interpreter", "src\runtime\interpreter\interpreter.csproj", "{89C5E2B3-831A-40EF-8CCC-C7372B85731E}"
EndProject
Project("{9A19103F-16F7-4668-BE54-9A1E7A4F7556}") = "kernel", "src\runtime\kernel\kernel.csproj", "{045884BD-AE95-453A-9849-5A70052EF532}"
EndProject
Global
	GlobalSection(SolutionConfigurationPlatforms) = preSolution
		Debug|Any CPU = Debug|Any CPU
		Release|Any CPU = Release|Any CPU
	EndGlobalSection
	GlobalSection(ProjectConfigurationPlatforms) = postSolution
		{F552FDEF-D460-4A02-9EC1-16108BCD5ECF}.Debug|Any CPU.ActiveCfg = Debug|Any CPU
		{F552FDEF-D460-4A02-9EC1-16108BCD5ECF}.Debug|Any CPU.Build.0 = Debug|Any CPU
		{F552FDEF-D460-4A02-9EC1-16108BCD5ECF}.Release|Any CPU.ActiveCfg = Release|Any CPU
		{F552FDEF-D460-4A02-9EC1-16108BCD5ECF}.Release|Any CPU.Build.0 = Release|Any CPU
		{C7BFD827-8E11-4A27-9E43-8A70C8EF4C02}.Debug|Any CPU.ActiveCfg = Debug|Any CPU
		{C7BFD827-8E11-4A27-9E43-8A70C8EF4C02}.Debug|Any CPU.Build.0 = Debug|Any CPU
		{C7BFD827-8E11-4A27-9E43-8A70C8EF4C02}.Release|Any CPU.ActiveCfg = Release|Any CPU
		{C7BFD827-8E11-4A27-9E43-8A70C8EF4C02}.Release|Any CPU.Build.0 = Release|Any CPU
		{0D5D7C7B-6248-46EF-830B-F98AE1BF6F75}.Debug|Any CPU.ActiveCfg = Debug|Any CPU
		{0D5D7C7B-6248-46EF-830B-F98AE1BF6F75}.Debug|Any CPU.Build.0 = Debug|Any CPU
		{0D5D7C7B-6248-46EF-830B-F98AE1BF6F75}.Release|Any CPU.ActiveCfg = Release|Any CPU
		{0D5D7C7B-6248-46EF-830B-F98AE1BF6F75}.Release|Any CPU.Build.0 = Release|Any CPU
		{22E47770-51D6-4E63-95C6-12ED5CC0184B}.Debug|Any CPU.ActiveCfg = Debug|Any CPU
		{22E47770-51D6-4E63-95C6-12ED5CC0184B}.Debug|Any CPU.Build.0 = Debug|Any CPU
		{22E47770-51D6-4E63-95C6-12ED5CC0184B}.Release|Any CPU.ActiveCfg = Release|Any CPU
		{22E47770-51D6-4E63-95C6-12ED5CC0184B}.Release|Any CPU.Build.0 = Release|Any CPU
		{D7749F27-3ACF-4864-B6FC-77409B4D037F}.Debug|Any CPU.ActiveCfg = Debug|Any CPU
		{D7749F27-3ACF-4864-B6FC-77409B4D037F}.Debug|Any CPU.Build.0 = Debug|Any CPU
		{D7749F27-3ACF-4864-B6FC-77409B4D037F}.Release|Any CPU.ActiveCfg = Release|Any CPU
		{D7749F27-3ACF-4864-B6FC-77409B4D037F}.Release|Any CPU.Build.0 = Release|Any CPU
		{58887612-3CA6-423E-95F3-1DC7B99A1545}.Debug|Any CPU.ActiveCfg = Debug|Any CPU
		{58887612-3CA6-423E-95F3-1DC7B99A1545}.Debug|Any CPU.Build.0 = Debug|Any CPU
		{58887612-3CA6-423E-95F3-1DC7B99A1545}.Release|Any CPU.ActiveCfg = Release|Any CPU
		{58887612-3CA6-423E-95F3-1DC7B99A1545}.Release|Any CPU.Build.0 = Release|Any CPU
		{38B0647D-2555-4B77-97CB-14CC1AA8BC76}.Debug|Any CPU.ActiveCfg = Debug|Any CPU
		{38B0647D-2555-4B77-97CB-14CC1AA8BC76}.Debug|Any CPU.Build.0 = Debug|Any CPU
		{38B0647D-2555-4B77-97CB-14CC1AA8BC76}.Release|Any CPU.ActiveCfg = Release|Any CPU
		{38B0647D-2555-4B77-97CB-14CC1AA8BC76}.Release|Any CPU.Build.0 = Release|Any CPU
		{684D64D3-2A81-488F-9257-765EC973D481}.Debug|Any CPU.ActiveCfg = Debug|Any CPU
		{684D64D3-2A81-488F-9257-765EC973D481}.Debug|Any CPU.Build.0 = Debug|Any CPU
		{684D64D3-2A81-488F-9257-765EC973D481}.Release|Any CPU.ActiveCfg = Release|Any CPU
		{684D64D3-2A81-488F-9257-765EC973D481}.Release|Any CPU.Build.0 = Release|Any CPU
		{579A9B10-1C7A-49D9-8C61-5C1662086511}.Debug|Any CPU.ActiveCfg = Debug|Any CPU
		{579A9B10-1C7A-49D9-8C61-5C1662086511}.Debug|Any CPU.Build.0 = Debug|Any CPU
		{579A9B10-1C7A-49D9-8C61-5C1662086511}.Release|Any CPU.ActiveCfg = Release|Any CPU
		{579A9B10-1C7A-49D9-8C61-5C1662086511}.Release|Any CPU.Build.0 = Release|Any CPU
		{6AFF3908-DEA8-42CB-ACE2-A77973D9584B}.Debug|Any CPU.ActiveCfg = Debug|Any CPU
		{6AFF3908-DEA8-42CB-ACE2-A77973D9584B}.Debug|Any CPU.Build.0 = Debug|Any CPU
		{6AFF3908-DEA8-42CB-ACE2-A77973D9584B}.Release|Any CPU.ActiveCfg = Release|Any CPU
		{6AFF3908-DEA8-42CB-ACE2-A77973D9584B}.Release|Any CPU.Build.0 = Release|Any CPU
		{6C599400-9EAE-4A01-91D9-FBBE3862F3FE}.Debug|Any CPU.ActiveCfg = Debug|Any CPU
		{6C599400-9EAE-4A01-91D9-FBBE3862F3FE}.Debug|Any CPU.Build.0 = Debug|Any CPU
		{6C599400-9EAE-4A01-91D9-FBBE3862F3FE}.Release|Any CPU.ActiveCfg = Release|Any CPU
		{6C599400-9EAE-4A01-91D9-FBBE3862F3FE}.Release|Any CPU.Build.0 = Release|Any CPU
		{A1F3DC78-6572-4BEF-BBF2-A7F1FD40E928}.Debug|Any CPU.ActiveCfg = Debug|Any CPU
		{A1F3DC78-6572-4BEF-BBF2-A7F1FD40E928}.Debug|Any CPU.Build.0 = Debug|Any CPU
		{A1F3DC78-6572-4BEF-BBF2-A7F1FD40E928}.Release|Any CPU.ActiveCfg = Release|Any CPU
		{A1F3DC78-6572-4BEF-BBF2-A7F1FD40E928}.Release|Any CPU.Build.0 = Release|Any CPU
		{89C5E2B3-831A-40EF-8CCC-C7372B85731E}.Debug|Any CPU.ActiveCfg = Debug|Any CPU
		{89C5E2B3-831A-40EF-8CCC-C7372B85731E}.Debug|Any CPU.Build.0 = Debug|Any CPU
		{89C5E2B3-831A-40EF-8CCC-C7372B85731E}.Release|Any CPU.ActiveCfg = Release|Any CPU
		{89C5E2B3-831A-40EF-8CCC-C7372B85731E}.Release|Any CPU.Build.0 = Release|Any CPU
		{045884BD-AE95-453A-9849-5A70052EF532}.Debug|Any CPU.ActiveCfg = Debug|Any CPU
		{045884BD-AE95-453A-9849-5A70052EF532}.Debug|Any CPU.Build.0 = Debug|Any CPU
		{045884BD-AE95-453A-9849-5A70052EF532}.Release|Any CPU.ActiveCfg = Release|Any CPU
		{045884BD-AE95-453A-9849-5A70052EF532}.Release|Any CPU.Build.0 = Release|Any CPU
	EndGlobalSection
	GlobalSection(SolutionProperties) = preSolution
		HideSolutionNode = FALSE
	EndGlobalSection
	GlobalSection(NestedProjects) = preSolution
		{F552FDEF-D460-4A02-9EC1-16108BCD5ECF} = {A385D8E0-8390-494C-92D0-F764D3699131}
		{C7BFD827-8E11-4A27-9E43-8A70C8EF4C02} = {A385D8E0-8390-494C-92D0-F764D3699131}
		{0D5D7C7B-6248-46EF-830B-F98AE1BF6F75} = {A385D8E0-8390-494C-92D0-F764D3699131}
		{22E47770-51D6-4E63-95C6-12ED5CC0184B} = {A385D8E0-8390-494C-92D0-F764D3699131}
		{D7749F27-3ACF-4864-B6FC-77409B4D037F} = {A385D8E0-8390-494C-92D0-F764D3699131}
		{58887612-3CA6-423E-95F3-1DC7B99A1545} = {A385D8E0-8390-494C-92D0-F764D3699131}
		{4176AF7C-EBBB-43F1-BDFA-DA892E6AC47E} = {A385D8E0-8390-494C-92D0-F764D3699131}
		{38B0647D-2555-4B77-97CB-14CC1AA8BC76} = {4176AF7C-EBBB-43F1-BDFA-DA892E6AC47E}
		{684D64D3-2A81-488F-9257-765EC973D481} = {4176AF7C-EBBB-43F1-BDFA-DA892E6AC47E}
		{579A9B10-1C7A-49D9-8C61-5C1662086511} = {4176AF7C-EBBB-43F1-BDFA-DA892E6AC47E}
		{6AFF3908-DEA8-42CB-ACE2-A77973D9584B} = {4176AF7C-EBBB-43F1-BDFA-DA892E6AC47E}
		{EC5B91B1-5053-4961-A616-57CED91D0589} = {A385D8E0-8390-494C-92D0-F764D3699131}
		{6C599400-9EAE-4A01-91D9-FBBE3862F3FE} = {EC5B91B1-5053-4961-A616-57CED91D0589}
		{A1F3DC78-6572-4BEF-BBF2-A7F1FD40E928} = {EC5B91B1-5053-4961-A616-57CED91D0589}
		{89C5E2B3-831A-40EF-8CCC-C7372B85731E} = {EC5B91B1-5053-4961-A616-57CED91D0589}
		{045884BD-AE95-453A-9849-5A70052EF532} = {EC5B91B1-5053-4961-A616-57CED91D0589}
	EndGlobalSection
	GlobalSection(ExtensibilityGlobals) = postSolution
		SolutionGuid = {45E282E3-82EF-496A-A050-30C6B30C3841}
	EndGlobalSection
EndGlobal
